
Microsoft Visual Studio Solution File, Format Version 12.00
# Visual Studio Version 17
VisualStudioVersion = 17.10.35122.118
MinimumVisualStudioVersion = 10.0.40219.1
Project("{FAE04EC0-301F-11D3-BF4B-00C04F79EFBC}") = "Assignment 6", "Assignment 6\Assignment 6.csproj", "{9A75722E-3F80-4192-B05F-A6296F38DD9F}"
EndProject
Global
	GlobalSection(SolutionConfigurationPlatforms) = preSolution
		Debug|Any CPU = Debug|Any CPU
		Release|Any CPU = Release|Any CPU
	EndGlobalSection
	GlobalSection(ProjectConfigurationPlatforms) = postSolution
		{9A75722E-3F80-4192-B05F-A6296F38DD9F}.Debug|Any CPU.ActiveCfg = Debug|Any CPU
		{9A75722E-3F80-4192-B05F-A6296F38DD9F}.Debug|Any CPU.Build.0 = Debug|Any CPU
		{9A75722E-3F80-4192-B05F-A6296F38DD9F}.Release|Any CPU.ActiveCfg = Release|Any CPU
		{9A75722E-3F80-4192-B05F-A6296F38DD9F}.Release|Any CPU.Build.0 = Release|Any CPU
	EndGlobalSection
	GlobalSection(SolutionProperties) = preSolution
		HideSolutionNode = FALSE
	EndGlobalSection
	GlobalSection(ExtensibilityGlobals) = postSolution
		SolutionGuid = {30CC4F11-B6AE-46DB-ABDC-08442D9D4E13}
	EndGlobalSection
EndGlobal
